// !$*UTF8*$!
{
	archiveVersion = 1;
	classes = {
	};
	objectVersion = 46;
	objects = {

/* Begin PBXBuildFile section */
		DF4099C31D8139590026434C /* PHMShareManager.h in CopyFiles */ = {isa = PBXBuildFile; fileRef = DF4099C21D8139590026434C /* PHMShareManager.h */; };
		DF4099CE1D8139CE0026434C /* PHMShareRegister.m in Sources */ = {isa = PBXBuildFile; fileRef = DF4099CD1D8139CE0026434C /* PHMShareRegister.m */; };
		DF4099D11D8141680026434C /* PHMShareRegisterParame.m in Sources */ = {isa = PBXBuildFile; fileRef = DF4099D01D8141680026434C /* PHMShareRegisterParame.m */; };
/* End PBXBuildFile section */

/* Begin PBXCopyFilesBuildPhase section */
		DF4099BD1D8139590026434C /* CopyFiles */ = {
			isa = PBXCopyFilesBuildPhase;
			buildActionMask = 2147483647;
			dstPath = "include/$(PRODUCT_NAME)";
			dstSubfolderSpec = 16;
			files = (
				DF4099C31D8139590026434C /* PHMShareManager.h in CopyFiles */,
			);
			runOnlyForDeploymentPostprocessing = 0;
		};
/* End PBXCopyFilesBuildPhase section */

/* Begin PBXFileReference section */
		DF4099BF1D8139590026434C /* libPHMShareManager.a */ = {isa = PBXFileReference; explicitFileType = archive.ar; includeInIndex = 0; path = libPHMShareManager.a; sourceTree = BUILT_PRODUCTS_DIR; };
		DF4099C21D8139590026434C /* PHMShareManager.h */ = {isa = PBXFileReference; lastKnownFileType = sourcecode.c.h; path = PHMShareManager.h; sourceTree = "<group>"; };
		DF4099CB1D8139890026434C /* PHMShareManager-Prefix.pch */ = {isa = PBXFileReference; fileEncoding = 4; lastKnownFileType = sourcecode.c.h; path = "PHMShareManager-Prefix.pch"; sourceTree = "<group>"; };
		DF4099CC1D8139CE0026434C /* PHMShareRegister.h */ = {isa = PBXFileReference; fileEncoding = 4; lastKnownFileType = sourcecode.c.h; path = PHMShareRegister.h; sourceTree = "<group>"; };
		DF4099CD1D8139CE0026434C /* PHMShareRegister.m */ = {isa = PBXFileReference; fileEncoding = 4; lastKnownFileType = sourcecode.c.objc; path = PHMShareRegister.m; sourceTree = "<group>"; };
		DF4099CF1D8141680026434C /* PHMShareRegisterParame.h */ = {isa = PBXFileReference; fileEncoding = 4; lastKnownFileType = sourcecode.c.h; path = PHMShareRegisterParame.h; sourceTree = "<group>"; };
		DF4099D01D8141680026434C /* PHMShareRegisterParame.m */ = {isa = PBXFileReference; fileEncoding = 4; lastKnownFileType = sourcecode.c.objc; path = PHMShareRegisterParame.m; sourceTree = "<group>"; };
/* End PBXFileReference section */

/* Begin PBXFrameworksBuildPhase section */
		DF4099BC1D8139590026434C /* Frameworks */ = {
			isa = PBXFrameworksBuildPhase;
			buildActionMask = 2147483647;
			files = (
			);
			runOnlyForDeploymentPostprocessing = 0;
		};
/* End PBXFrameworksBuildPhase section */

/* Begin PBXGroup section */
		DF4099B61D8139590026434C = {
			isa = PBXGroup;
			children = (
				DF4099C11D8139590026434C /* PHMShareManager */,
				DF4099C01D8139590026434C /* Products */,
			);
			sourceTree = "<group>";
		};
		DF4099C01D8139590026434C /* Products */ = {
			isa = PBXGroup;
			children = (
				DF4099BF1D8139590026434C /* libPHMShareManager.a */,
			);
			name = Products;
			sourceTree = "<group>";
		};
		DF4099C11D8139590026434C /* PHMShareManager */ = {
			isa = PBXGroup;
			children = (
				DF4099C21D8139590026434C /* PHMShareManager.h */,
				DF4099CB1D8139890026434C /* PHMShareManager-Prefix.pch */,
				DF4099CC1D8139CE0026434C /* PHMShareRegister.h */,
				DF4099CD1D8139CE0026434C /* PHMShareRegister.m */,
				DF4099CF1D8141680026434C /* PHMShareRegisterParame.h */,
				DF4099D01D8141680026434C /* PHMShareRegisterParame.m */,
			);
			path = PHMShareManager;
			sourceTree = "<group>";
		};
/* End PBXGroup section */

/* Begin PBXNativeTarget section */
		DF4099BE1D8139590026434C /* PHMShareManager */ = {
			isa = PBXNativeTarget;
			buildConfigurationList = DF4099C81D8139590026434C /* Build configuration list for PBXNativeTarget "PHMShareManager" */;
			buildPhases = (
				DF4099BB1D8139590026434C /* Sources */,
				DF4099BC1D8139590026434C /* Frameworks */,
				DF4099BD1D8139590026434C /* CopyFiles */,
			);
			buildRules = (
			);
			dependencies = (
			);
			name = PHMShareManager;
			productName = PHMShareManager;
			productReference = DF4099BF1D8139590026434C /* libPHMShareManager.a */;
			productType = "com.apple.product-type.library.static";
		};
/* End PBXNativeTarget section */

/* Begin PBXProject section */
		DF4099B71D8139590026434C /* Project object */ = {
			isa = PBXProject;
			attributes = {
				LastUpgradeCheck = 0730;
				ORGANIZATIONNAME = PHM;
				TargetAttributes = {
					DF4099BE1D8139590026434C = {
						CreatedOnToolsVersion = 7.3.1;
					};
				};
			};
			buildConfigurationList = DF4099BA1D8139590026434C /* Build configuration list for PBXProject "PHMShareManager" */;
			compatibilityVersion = "Xcode 3.2";
			developmentRegion = English;
			hasScannedForEncodings = 0;
			knownRegions = (
				en,
			);
			mainGroup = DF4099B61D8139590026434C;
			productRefGroup = DF4099C01D8139590026434C /* Products */;
			projectDirPath = "";
			projectRoot = "";
			targets = (
				DF4099BE1D8139590026434C /* PHMShareManager */,
			);
		};
/* End PBXProject section */

/* Begin PBXSourcesBuildPhase section */
		DF4099BB1D8139590026434C /* Sources */ = {
			isa = PBXSourcesBuildPhase;
			buildActionMask = 2147483647;
			files = (
				DF4099D11D8141680026434C /* PHMShareRegisterParame.m in Sources */,
				DF4099CE1D8139CE0026434C /* PHMShareRegister.m in Sources */,
			);
			runOnlyForDeploymentPostprocessing = 0;
		};
/* End PBXSourcesBuildPhase section */

/* Begin XCBuildConfiguration section */
		DF4099C61D8139590026434C /* Debug */ = {
			isa = XCBuildConfiguration;
			buildSettings = {
				ALWAYS_SEARCH_USER_PATHS = NO;
				CLANG_ANALYZER_NONNULL = YES;
				CLANG_CXX_LANGUAGE_STANDARD = "gnu++0x";
				CLANG_CXX_LIBRARY = "libc++";
				CLANG_ENABLE_MODULES = YES;
				CLANG_ENABLE_OBJC_ARC = YES;
				CLANG_WARN_BOOL_CONVERSION = YES;
				CLANG_WARN_CONSTANT_CONVERSION = YES;
				CLANG_WARN_DIRECT_OBJC_ISA_USAGE = YES_ERROR;
				CLANG_WARN_EMPTY_BODY = YES;
				CLANG_WARN_ENUM_CONVERSION = YES;
				CLANG_WARN_INT_CONVERSION = YES;
				CLANG_WARN_OBJC_ROOT_CLASS = YES_ERROR;
				CLANG_WARN_UNREACHABLE_CODE = YES;
				CLANG_WARN__DUPLICATE_METHOD_MATCH = YES;
				"CODE_SIGN_IDENTITY[sdk=iphoneos*]" = "iPhone Developer";
				COPY_PHASE_STRIP = NO;
				DEBUG_INFORMATION_FORMAT = dwarf;
				ENABLE_STRICT_OBJC_MSGSEND = YES;
				ENABLE_TESTABILITY = YES;
				GCC_C_LANGUAGE_STANDARD = gnu99;
				GCC_DYNAMIC_NO_PIC = NO;
				GCC_NO_COMMON_BLOCKS = YES;
				GCC_OPTIMIZATION_LEVEL = 0;
				GCC_PREPROCESSOR_DEFINITIONS = (
					"DEBUG=1",
					"$(inherited)",
				);
				GCC_WARN_64_TO_32_BIT_CONVERSION = YES;
				GCC_WARN_ABOUT_RETURN_TYPE = YES_ERROR;
				GCC_WARN_UNDECLARED_SELECTOR = YES;
				GCC_WARN_UNINITIALIZED_AUTOS = YES_AGGRESSIVE;
				GCC_WARN_UNUSED_FUNCTION = YES;
				GCC_WARN_UNUSED_VARIABLE = YES;
				IPHONEOS_DEPLOYMENT_TARGET = 9.3;
				MTL_ENABLE_DEBUG_INFO = YES;
				ONLY_ACTIVE_ARCH = YES;
				SDKROOT = iphoneos;
			};
			name = Debug;
		};
		DF4099C71D8139590026434C /* Release */ = {
			isa = XCBuildConfiguration;
			buildSettings = {
				ALWAYS_SEARCH_USER_PATHS = NO;
				CLANG_ANALYZER_NONNULL = YES;
				CLANG_CXX_LANGUAGE_STANDARD = "gnu++0x";
				CLANG_CXX_LIBRARY = "libc++";
				CLANG_ENABLE_MODULES = YES;
				CLANG_ENABLE_OBJC_ARC = YES;
				CLANG_WARN_BOOL_CONVERSION = YES;
				CLANG_WARN_CONSTANT_CONVERSION = YES;
				CLANG_WARN_DIRECT_OBJC_ISA_USAGE = YES_ERROR;
				CLANG_WARN_EMPTY_BODY = YES;
				CLANG_WARN_ENUM_CONVERSION = YES;
				CLANG_WARN_INT_CONVERSION = YES;
				CLANG_WARN_OBJC_ROOT_CLASS = YES_ERROR;
				CLANG_WARN_UNREACHABLE_CODE = YES;
				CLANG_WARN__DUPLICATE_METHOD_MATCH = YES;
				"CODE_SIGN_IDENTITY[sdk=iphoneos*]" = "iPhone Developer";
				COPY_PHASE_STRIP = NO;
				DEBUG_INFORMATION_FORMAT = "dwarf-with-dsym";
				ENABLE_NS_ASSERTIONS = NO;
				ENABLE_STRICT_OBJC_MSGSEND = YES;
				GCC_C_LANGUAGE_STANDARD = gnu99;
				GCC_NO_COMMON_BLOCKS = YES;
				GCC_WARN_64_TO_32_BIT_CONVERSION = YES;
				GCC_WARN_ABOUT_RETURN_TYPE = YES_ERROR;
				GCC_WARN_UNDECLARED_SELECTOR = YES;
				GCC_WARN_UNINITIALIZED_AUTOS = YES_AGGRESSIVE;
				GCC_WARN_UNUSED_FUNCTION = YES;
				GCC_WARN_UNUSED_VARIABLE = YES;
				IPHONEOS_DEPLOYMENT_TARGET = 9.3;
				MTL_ENABLE_DEBUG_INFO = NO;
				SDKROOT = iphoneos;
				VALIDATE_PRODUCT = YES;
			};
			name = Release;
		};
		DF4099C91D8139590026434C /* Debug */ = {
			isa = XCBuildConfiguration;
			buildSettings = {
				GCC_PREFIX_HEADER = "PHMShareManager/PHMShareManager-Prefix.pch";
				HEADER_SEARCH_PATHS = "$(SRCROOT)/../../Pods/Headers/**";
				OTHER_LDFLAGS = "-ObjC";
				PRODUCT_NAME = "$(TARGET_NAME)";
				SKIP_INSTALL = YES;
			};
			name = Debug;
		};
		DF4099CA1D8139590026434C /* Release */ = {
			isa = XCBuildConfiguration;
			buildSettings = {
				GCC_PREFIX_HEADER = "PHMShareManager/PHMShareManager-Prefix.pch";
				HEADER_SEARCH_PATHS = "$(SRCROOT)/../../Pods/Headers/**";
				OTHER_LDFLAGS = "-ObjC";
				PRODUCT_NAME = "$(TARGET_NAME)";
				SKIP_INSTALL = YES;
			};
			name = Release;
		};
/* End XCBuildConfiguration section */

/* Begin XCConfigurationList section */
		DF4099BA1D8139590026434C /* Build configuration list for PBXProject "PHMShareManager" */ = {
			isa = XCConfigurationList;
			buildConfigurations = (
				DF4099C61D8139590026434C /* Debug */,
				DF4099C71D8139590026434C /* Release */,
			);
			defaultConfigurationIsVisible = 0;
			defaultConfigurationName = Release;
		};
		DF4099C81D8139590026434C /* Build configuration list for PBXNativeTarget "PHMShareManager" */ = {
			isa = XCConfigurationList;
			buildConfigurations = (
				DF4099C91D8139590026434C /* Debug */,
				DF4099CA1D8139590026434C /* Release */,
			);
			defaultConfigurationIsVisible = 0;
		};
/* End XCConfigurationList section */
	};
	rootObject = DF4099B71D8139590026434C /* Project object */;
}
