// !$*UTF8*$!
{
	archiveVersion = 1;
	classes = {
	};
	objectVersion = 46;
	objects = {

/* Begin PBXBuildFile section */
		DFBF3EB01D8653AF00B84900 /* PHMCustomPad.h in CopyFiles */ = {isa = PBXBuildFile; fileRef = DFBF3EAF1D8653AF00B84900 /* PHMCustomPad.h */; };
		DFBF3EBA1D8653EC00B84900 /* PHMCustomPadButton.m in Sources */ = {isa = PBXBuildFile; fileRef = DFBF3EB91D8653EC00B84900 /* PHMCustomPadButton.m */; };
		DFBF3EC61D866C9600B84900 /* PHMCustomPadDefaultStyle.m in Sources */ = {isa = PBXBuildFile; fileRef = DFBF3EC51D866C9600B84900 /* PHMCustomPadDefaultStyle.m */; };
		DFBF3ECA1D867DF800B84900 /* PHMCustomPadDefaultView.m in Sources */ = {isa = PBXBuildFile; fileRef = DFBF3EC91D867DF800B84900 /* PHMCustomPadDefaultView.m */; };
/* End PBXBuildFile section */

/* Begin PBXCopyFilesBuildPhase section */
		DFBF3EAA1D8653AF00B84900 /* CopyFiles */ = {
			isa = PBXCopyFilesBuildPhase;
			buildActionMask = 2147483647;
			dstPath = "include/$(PRODUCT_NAME)";
			dstSubfolderSpec = 16;
			files = (
				DFBF3EB01D8653AF00B84900 /* PHMCustomPad.h in CopyFiles */,
			);
			runOnlyForDeploymentPostprocessing = 0;
		};
/* End PBXCopyFilesBuildPhase section */

/* Begin PBXFileReference section */
		DFBF3EAC1D8653AF00B84900 /* libPHMCustomPad.a */ = {isa = PBXFileReference; explicitFileType = archive.ar; includeInIndex = 0; path = libPHMCustomPad.a; sourceTree = BUILT_PRODUCTS_DIR; };
		DFBF3EAF1D8653AF00B84900 /* PHMCustomPad.h */ = {isa = PBXFileReference; lastKnownFileType = sourcecode.c.h; path = PHMCustomPad.h; sourceTree = "<group>"; };
		DFBF3EB81D8653EC00B84900 /* PHMCustomPadButton.h */ = {isa = PBXFileReference; fileEncoding = 4; lastKnownFileType = sourcecode.c.h; path = PHMCustomPadButton.h; sourceTree = "<group>"; };
		DFBF3EB91D8653EC00B84900 /* PHMCustomPadButton.m */ = {isa = PBXFileReference; fileEncoding = 4; lastKnownFileType = sourcecode.c.objc; path = PHMCustomPadButton.m; sourceTree = "<group>"; };
		DFBF3EC41D866C9600B84900 /* PHMCustomPadDefaultStyle.h */ = {isa = PBXFileReference; fileEncoding = 4; lastKnownFileType = sourcecode.c.h; path = PHMCustomPadDefaultStyle.h; sourceTree = "<group>"; };
		DFBF3EC51D866C9600B84900 /* PHMCustomPadDefaultStyle.m */ = {isa = PBXFileReference; fileEncoding = 4; lastKnownFileType = sourcecode.c.objc; path = PHMCustomPadDefaultStyle.m; sourceTree = "<group>"; };
		DFBF3EC71D8672B600B84900 /* PHMCustomPadStyle.h */ = {isa = PBXFileReference; fileEncoding = 4; lastKnownFileType = sourcecode.c.h; path = PHMCustomPadStyle.h; sourceTree = "<group>"; };
		DFBF3EC81D867DF800B84900 /* PHMCustomPadDefaultView.h */ = {isa = PBXFileReference; fileEncoding = 4; lastKnownFileType = sourcecode.c.h; path = PHMCustomPadDefaultView.h; sourceTree = "<group>"; };
		DFBF3EC91D867DF800B84900 /* PHMCustomPadDefaultView.m */ = {isa = PBXFileReference; fileEncoding = 4; lastKnownFileType = sourcecode.c.objc; path = PHMCustomPadDefaultView.m; sourceTree = "<group>"; };
/* End PBXFileReference section */

/* Begin PBXFrameworksBuildPhase section */
		DFBF3EA91D8653AF00B84900 /* Frameworks */ = {
			isa = PBXFrameworksBuildPhase;
			buildActionMask = 2147483647;
			files = (
			);
			runOnlyForDeploymentPostprocessing = 0;
		};
/* End PBXFrameworksBuildPhase section */

/* Begin PBXGroup section */
		DFBF3EA31D8653AF00B84900 = {
			isa = PBXGroup;
			children = (
				DFBF3EAE1D8653AF00B84900 /* PHMCustomPad */,
				DFBF3EAD1D8653AF00B84900 /* Products */,
			);
			sourceTree = "<group>";
		};
		DFBF3EAD1D8653AF00B84900 /* Products */ = {
			isa = PBXGroup;
			children = (
				DFBF3EAC1D8653AF00B84900 /* libPHMCustomPad.a */,
			);
			name = Products;
			sourceTree = "<group>";
		};
		DFBF3EAE1D8653AF00B84900 /* PHMCustomPad */ = {
			isa = PBXGroup;
			children = (
				DFBF3EAF1D8653AF00B84900 /* PHMCustomPad.h */,
				DFBF3EB81D8653EC00B84900 /* PHMCustomPadButton.h */,
				DFBF3EB91D8653EC00B84900 /* PHMCustomPadButton.m */,
				DFBF3EC81D867DF800B84900 /* PHMCustomPadDefaultView.h */,
				DFBF3EC91D867DF800B84900 /* PHMCustomPadDefaultView.m */,
				DFBF3EC41D866C9600B84900 /* PHMCustomPadDefaultStyle.h */,
				DFBF3EC51D866C9600B84900 /* PHMCustomPadDefaultStyle.m */,
				DFBF3EC71D8672B600B84900 /* PHMCustomPadStyle.h */,
			);
			path = PHMCustomPad;
			sourceTree = "<group>";
		};
/* End PBXGroup section */

/* Begin PBXNativeTarget section */
		DFBF3EAB1D8653AF00B84900 /* PHMCustomPad */ = {
			isa = PBXNativeTarget;
			buildConfigurationList = DFBF3EB51D8653AF00B84900 /* Build configuration list for PBXNativeTarget "PHMCustomPad" */;
			buildPhases = (
				DFBF3EA81D8653AF00B84900 /* Sources */,
				DFBF3EA91D8653AF00B84900 /* Frameworks */,
				DFBF3EAA1D8653AF00B84900 /* CopyFiles */,
			);
			buildRules = (
			);
			dependencies = (
			);
			name = PHMCustomPad;
			productName = PHMCustomPad;
			productReference = DFBF3EAC1D8653AF00B84900 /* libPHMCustomPad.a */;
			productType = "com.apple.product-type.library.static";
		};
/* End PBXNativeTarget section */

/* Begin PBXProject section */
		DFBF3EA41D8653AF00B84900 /* Project object */ = {
			isa = PBXProject;
			attributes = {
				CLASSPREFIX = PHM;
				LastUpgradeCheck = 0730;
				ORGANIZATIONNAME = PHM;
				TargetAttributes = {
					DFBF3EAB1D8653AF00B84900 = {
						CreatedOnToolsVersion = 7.3.1;
					};
				};
			};
			buildConfigurationList = DFBF3EA71D8653AF00B84900 /* Build configuration list for PBXProject "PHMCustomPad" */;
			compatibilityVersion = "Xcode 3.2";
			developmentRegion = English;
			hasScannedForEncodings = 0;
			knownRegions = (
				en,
			);
			mainGroup = DFBF3EA31D8653AF00B84900;
			productRefGroup = DFBF3EAD1D8653AF00B84900 /* Products */;
			projectDirPath = "";
			projectRoot = "";
			targets = (
				DFBF3EAB1D8653AF00B84900 /* PHMCustomPad */,
			);
		};
/* End PBXProject section */

/* Begin PBXSourcesBuildPhase section */
		DFBF3EA81D8653AF00B84900 /* Sources */ = {
			isa = PBXSourcesBuildPhase;
			buildActionMask = 2147483647;
			files = (
				DFBF3EC61D866C9600B84900 /* PHMCustomPadDefaultStyle.m in Sources */,
				DFBF3EBA1D8653EC00B84900 /* PHMCustomPadButton.m in Sources */,
				DFBF3ECA1D867DF800B84900 /* PHMCustomPadDefaultView.m in Sources */,
			);
			runOnlyForDeploymentPostprocessing = 0;
		};
/* End PBXSourcesBuildPhase section */

/* Begin XCBuildConfiguration section */
		DFBF3EB31D8653AF00B84900 /* Debug */ = {
			isa = XCBuildConfiguration;
			buildSettings = {
				ALWAYS_SEARCH_USER_PATHS = NO;
				CLANG_ANALYZER_NONNULL = YES;
				CLANG_CXX_LANGUAGE_STANDARD = "gnu++0x";
				CLANG_CXX_LIBRARY = "libc++";
				CLANG_ENABLE_MODULES = YES;
				CLANG_ENABLE_OBJC_ARC = YES;
				CLANG_WARN_BOOL_CONVERSION = YES;
				CLANG_WARN_CONSTANT_CONVERSION = YES;
				CLANG_WARN_DIRECT_OBJC_ISA_USAGE = YES_ERROR;
				CLANG_WARN_EMPTY_BODY = YES;
				CLANG_WARN_ENUM_CONVERSION = YES;
				CLANG_WARN_INT_CONVERSION = YES;
				CLANG_WARN_OBJC_ROOT_CLASS = YES_ERROR;
				CLANG_WARN_UNREACHABLE_CODE = YES;
				CLANG_WARN__DUPLICATE_METHOD_MATCH = YES;
				"CODE_SIGN_IDENTITY[sdk=iphoneos*]" = "iPhone Developer";
				COPY_PHASE_STRIP = NO;
				DEBUG_INFORMATION_FORMAT = dwarf;
				ENABLE_STRICT_OBJC_MSGSEND = YES;
				ENABLE_TESTABILITY = YES;
				GCC_C_LANGUAGE_STANDARD = gnu99;
				GCC_DYNAMIC_NO_PIC = NO;
				GCC_NO_COMMON_BLOCKS = YES;
				GCC_OPTIMIZATION_LEVEL = 0;
				GCC_PREPROCESSOR_DEFINITIONS = (
					"DEBUG=1",
					"$(inherited)",
				);
				GCC_WARN_64_TO_32_BIT_CONVERSION = YES;
				GCC_WARN_ABOUT_RETURN_TYPE = YES_ERROR;
				GCC_WARN_UNDECLARED_SELECTOR = YES;
				GCC_WARN_UNINITIALIZED_AUTOS = YES_AGGRESSIVE;
				GCC_WARN_UNUSED_FUNCTION = YES;
				GCC_WARN_UNUSED_VARIABLE = YES;
				IPHONEOS_DEPLOYMENT_TARGET = 7.0;
				MTL_ENABLE_DEBUG_INFO = YES;
				ONLY_ACTIVE_ARCH = YES;
				SDKROOT = iphoneos;
			};
			name = Debug;
		};
		DFBF3EB41D8653AF00B84900 /* Release */ = {
			isa = XCBuildConfiguration;
			buildSettings = {
				ALWAYS_SEARCH_USER_PATHS = NO;
				CLANG_ANALYZER_NONNULL = YES;
				CLANG_CXX_LANGUAGE_STANDARD = "gnu++0x";
				CLANG_CXX_LIBRARY = "libc++";
				CLANG_ENABLE_MODULES = YES;
				CLANG_ENABLE_OBJC_ARC = YES;
				CLANG_WARN_BOOL_CONVERSION = YES;
				CLANG_WARN_CONSTANT_CONVERSION = YES;
				CLANG_WARN_DIRECT_OBJC_ISA_USAGE = YES_ERROR;
				CLANG_WARN_EMPTY_BODY = YES;
				CLANG_WARN_ENUM_CONVERSION = YES;
				CLANG_WARN_INT_CONVERSION = YES;
				CLANG_WARN_OBJC_ROOT_CLASS = YES_ERROR;
				CLANG_WARN_UNREACHABLE_CODE = YES;
				CLANG_WARN__DUPLICATE_METHOD_MATCH = YES;
				"CODE_SIGN_IDENTITY[sdk=iphoneos*]" = "iPhone Developer";
				COPY_PHASE_STRIP = NO;
				DEBUG_INFORMATION_FORMAT = "dwarf-with-dsym";
				ENABLE_NS_ASSERTIONS = NO;
				ENABLE_STRICT_OBJC_MSGSEND = YES;
				GCC_C_LANGUAGE_STANDARD = gnu99;
				GCC_NO_COMMON_BLOCKS = YES;
				GCC_WARN_64_TO_32_BIT_CONVERSION = YES;
				GCC_WARN_ABOUT_RETURN_TYPE = YES_ERROR;
				GCC_WARN_UNDECLARED_SELECTOR = YES;
				GCC_WARN_UNINITIALIZED_AUTOS = YES_AGGRESSIVE;
				GCC_WARN_UNUSED_FUNCTION = YES;
				GCC_WARN_UNUSED_VARIABLE = YES;
				IPHONEOS_DEPLOYMENT_TARGET = 7.0;
				MTL_ENABLE_DEBUG_INFO = NO;
				SDKROOT = iphoneos;
				VALIDATE_PRODUCT = YES;
			};
			name = Release;
		};
		DFBF3EB61D8653AF00B84900 /* Debug */ = {
			isa = XCBuildConfiguration;
			buildSettings = {
				HEADER_SEARCH_PATHS = "";
				OTHER_LDFLAGS = "-ObjC";
				PRODUCT_NAME = "$(TARGET_NAME)";
				SKIP_INSTALL = YES;
			};
			name = Debug;
		};
		DFBF3EB71D8653AF00B84900 /* Release */ = {
			isa = XCBuildConfiguration;
			buildSettings = {
				HEADER_SEARCH_PATHS = "";
				OTHER_LDFLAGS = "-ObjC";
				PRODUCT_NAME = "$(TARGET_NAME)";
				SKIP_INSTALL = YES;
			};
			name = Release;
		};
/* End XCBuildConfiguration section */

/* Begin XCConfigurationList section */
		DFBF3EA71D8653AF00B84900 /* Build configuration list for PBXProject "PHMCustomPad" */ = {
			isa = XCConfigurationList;
			buildConfigurations = (
				DFBF3EB31D8653AF00B84900 /* Debug */,
				DFBF3EB41D8653AF00B84900 /* Release */,
			);
			defaultConfigurationIsVisible = 0;
			defaultConfigurationName = Release;
		};
		DFBF3EB51D8653AF00B84900 /* Build configuration list for PBXNativeTarget "PHMCustomPad" */ = {
			isa = XCConfigurationList;
			buildConfigurations = (
				DFBF3EB61D8653AF00B84900 /* Debug */,
				DFBF3EB71D8653AF00B84900 /* Release */,
			);
			defaultConfigurationIsVisible = 0;
		};
/* End XCConfigurationList section */
	};
	rootObject = DFBF3EA41D8653AF00B84900 /* Project object */;
}
