// !$*UTF8*$!
{
	archiveVersion = 1;
	classes = {
	};
	objectVersion = 46;
	objects = {

/* Begin PBXCopyFilesBuildPhase section */
		DF4097FA1D7FFA4D0026434C /* CopyFiles */ = {
			isa = PBXCopyFilesBuildPhase;
			buildActionMask = 2147483647;
			dstPath = "include/$(PRODUCT_NAME)";
			dstSubfolderSpec = 16;
			files = (
			);
			runOnlyForDeploymentPostprocessing = 0;
		};
/* End PBXCopyFilesBuildPhase section */

/* Begin PBXFileReference section */
		DF4097FC1D7FFA4D0026434C /* libPHMAssetsManager.a */ = {isa = PBXFileReference; explicitFileType = archive.ar; includeInIndex = 0; path = libPHMAssetsManager.a; sourceTree = BUILT_PRODUCTS_DIR; };
		DF4098081D7FFAA10026434C /* PHMAssetsManager-Prefix.pch */ = {isa = PBXFileReference; fileEncoding = 4; lastKnownFileType = sourcecode.c.h; path = "PHMAssetsManager-Prefix.pch"; sourceTree = "<group>"; };
		DF4098091D7FFAB50026434C /* PHMAssetsManager.h */ = {isa = PBXFileReference; fileEncoding = 4; lastKnownFileType = sourcecode.c.h; path = PHMAssetsManager.h; sourceTree = "<group>"; };
/* End PBXFileReference section */

/* Begin PBXFrameworksBuildPhase section */
		DF4097F91D7FFA4D0026434C /* Frameworks */ = {
			isa = PBXFrameworksBuildPhase;
			buildActionMask = 2147483647;
			files = (
			);
			runOnlyForDeploymentPostprocessing = 0;
		};
/* End PBXFrameworksBuildPhase section */

/* Begin PBXGroup section */
		DF4097F31D7FFA4C0026434C = {
			isa = PBXGroup;
			children = (
				DF4097FE1D7FFA4D0026434C /* PHMAssetsManager */,
				DF4097FD1D7FFA4D0026434C /* Products */,
			);
			sourceTree = "<group>";
		};
		DF4097FD1D7FFA4D0026434C /* Products */ = {
			isa = PBXGroup;
			children = (
				DF4097FC1D7FFA4D0026434C /* libPHMAssetsManager.a */,
			);
			name = Products;
			sourceTree = "<group>";
		};
		DF4097FE1D7FFA4D0026434C /* PHMAssetsManager */ = {
			isa = PBXGroup;
			children = (
				DF4098091D7FFAB50026434C /* PHMAssetsManager.h */,
				DF4098081D7FFAA10026434C /* PHMAssetsManager-Prefix.pch */,
			);
			path = PHMAssetsManager;
			sourceTree = "<group>";
		};
/* End PBXGroup section */

/* Begin PBXNativeTarget section */
		DF4097FB1D7FFA4D0026434C /* PHMAssetsManager */ = {
			isa = PBXNativeTarget;
			buildConfigurationList = DF4098051D7FFA4D0026434C /* Build configuration list for PBXNativeTarget "PHMAssetsManager" */;
			buildPhases = (
				DF4097F81D7FFA4D0026434C /* Sources */,
				DF4097F91D7FFA4D0026434C /* Frameworks */,
				DF4097FA1D7FFA4D0026434C /* CopyFiles */,
			);
			buildRules = (
			);
			dependencies = (
			);
			name = PHMAssetsManager;
			productName = PHMAssetsManager;
			productReference = DF4097FC1D7FFA4D0026434C /* libPHMAssetsManager.a */;
			productType = "com.apple.product-type.library.static";
		};
/* End PBXNativeTarget section */

/* Begin PBXProject section */
		DF4097F41D7FFA4D0026434C /* Project object */ = {
			isa = PBXProject;
			attributes = {
				LastUpgradeCheck = 0730;
				ORGANIZATIONNAME = PHM;
				TargetAttributes = {
					DF4097FB1D7FFA4D0026434C = {
						CreatedOnToolsVersion = 7.3.1;
					};
				};
			};
			buildConfigurationList = DF4097F71D7FFA4D0026434C /* Build configuration list for PBXProject "PHMAssetsManager" */;
			compatibilityVersion = "Xcode 3.2";
			developmentRegion = English;
			hasScannedForEncodings = 0;
			knownRegions = (
				en,
			);
			mainGroup = DF4097F31D7FFA4C0026434C;
			productRefGroup = DF4097FD1D7FFA4D0026434C /* Products */;
			projectDirPath = "";
			projectRoot = "";
			targets = (
				DF4097FB1D7FFA4D0026434C /* PHMAssetsManager */,
			);
		};
/* End PBXProject section */

/* Begin PBXSourcesBuildPhase section */
		DF4097F81D7FFA4D0026434C /* Sources */ = {
			isa = PBXSourcesBuildPhase;
			buildActionMask = 2147483647;
			files = (
			);
			runOnlyForDeploymentPostprocessing = 0;
		};
/* End PBXSourcesBuildPhase section */

/* Begin XCBuildConfiguration section */
		DF4098031D7FFA4D0026434C /* Debug */ = {
			isa = XCBuildConfiguration;
			buildSettings = {
				ALWAYS_SEARCH_USER_PATHS = NO;
				CLANG_ANALYZER_NONNULL = YES;
				CLANG_CXX_LANGUAGE_STANDARD = "gnu++0x";
				CLANG_CXX_LIBRARY = "libc++";
				CLANG_ENABLE_MODULES = YES;
				CLANG_ENABLE_OBJC_ARC = YES;
				CLANG_WARN_BOOL_CONVERSION = YES;
				CLANG_WARN_CONSTANT_CONVERSION = YES;
				CLANG_WARN_DIRECT_OBJC_ISA_USAGE = YES_ERROR;
				CLANG_WARN_EMPTY_BODY = YES;
				CLANG_WARN_ENUM_CONVERSION = YES;
				CLANG_WARN_INT_CONVERSION = YES;
				CLANG_WARN_OBJC_ROOT_CLASS = YES_ERROR;
				CLANG_WARN_UNREACHABLE_CODE = YES;
				CLANG_WARN__DUPLICATE_METHOD_MATCH = YES;
				"CODE_SIGN_IDENTITY[sdk=iphoneos*]" = "iPhone Developer";
				COPY_PHASE_STRIP = NO;
				DEBUG_INFORMATION_FORMAT = dwarf;
				ENABLE_STRICT_OBJC_MSGSEND = YES;
				ENABLE_TESTABILITY = YES;
				GCC_C_LANGUAGE_STANDARD = gnu99;
				GCC_DYNAMIC_NO_PIC = NO;
				GCC_NO_COMMON_BLOCKS = YES;
				GCC_OPTIMIZATION_LEVEL = 0;
				GCC_PREPROCESSOR_DEFINITIONS = (
					"DEBUG=1",
					"$(inherited)",
				);
				GCC_WARN_64_TO_32_BIT_CONVERSION = YES;
				GCC_WARN_ABOUT_RETURN_TYPE = YES_ERROR;
				GCC_WARN_UNDECLARED_SELECTOR = YES;
				GCC_WARN_UNINITIALIZED_AUTOS = YES_AGGRESSIVE;
				GCC_WARN_UNUSED_FUNCTION = YES;
				GCC_WARN_UNUSED_VARIABLE = YES;
				IPHONEOS_DEPLOYMENT_TARGET = 9.3;
				MTL_ENABLE_DEBUG_INFO = YES;
				ONLY_ACTIVE_ARCH = YES;
				SDKROOT = iphoneos;
			};
			name = Debug;
		};
		DF4098041D7FFA4D0026434C /* Release */ = {
			isa = XCBuildConfiguration;
			buildSettings = {
				ALWAYS_SEARCH_USER_PATHS = NO;
				CLANG_ANALYZER_NONNULL = YES;
				CLANG_CXX_LANGUAGE_STANDARD = "gnu++0x";
				CLANG_CXX_LIBRARY = "libc++";
				CLANG_ENABLE_MODULES = YES;
				CLANG_ENABLE_OBJC_ARC = YES;
				CLANG_WARN_BOOL_CONVERSION = YES;
				CLANG_WARN_CONSTANT_CONVERSION = YES;
				CLANG_WARN_DIRECT_OBJC_ISA_USAGE = YES_ERROR;
				CLANG_WARN_EMPTY_BODY = YES;
				CLANG_WARN_ENUM_CONVERSION = YES;
				CLANG_WARN_INT_CONVERSION = YES;
				CLANG_WARN_OBJC_ROOT_CLASS = YES_ERROR;
				CLANG_WARN_UNREACHABLE_CODE = YES;
				CLANG_WARN__DUPLICATE_METHOD_MATCH = YES;
				"CODE_SIGN_IDENTITY[sdk=iphoneos*]" = "iPhone Developer";
				COPY_PHASE_STRIP = NO;
				DEBUG_INFORMATION_FORMAT = "dwarf-with-dsym";
				ENABLE_NS_ASSERTIONS = NO;
				ENABLE_STRICT_OBJC_MSGSEND = YES;
				GCC_C_LANGUAGE_STANDARD = gnu99;
				GCC_NO_COMMON_BLOCKS = YES;
				GCC_WARN_64_TO_32_BIT_CONVERSION = YES;
				GCC_WARN_ABOUT_RETURN_TYPE = YES_ERROR;
				GCC_WARN_UNDECLARED_SELECTOR = YES;
				GCC_WARN_UNINITIALIZED_AUTOS = YES_AGGRESSIVE;
				GCC_WARN_UNUSED_FUNCTION = YES;
				GCC_WARN_UNUSED_VARIABLE = YES;
				IPHONEOS_DEPLOYMENT_TARGET = 9.3;
				MTL_ENABLE_DEBUG_INFO = NO;
				SDKROOT = iphoneos;
				VALIDATE_PRODUCT = YES;
			};
			name = Release;
		};
		DF4098061D7FFA4D0026434C /* Debug */ = {
			isa = XCBuildConfiguration;
			buildSettings = {
				GCC_PREFIX_HEADER = "PHMAssetsManager/PHMAssetsManager-Prefix.pch";
				HEADER_SEARCH_PATHS = "$(SRCROOT)/../../Pods/Headers/**";
				OTHER_LDFLAGS = "-ObjC";
				PRODUCT_NAME = "$(TARGET_NAME)";
				SKIP_INSTALL = YES;
			};
			name = Debug;
		};
		DF4098071D7FFA4D0026434C /* Release */ = {
			isa = XCBuildConfiguration;
			buildSettings = {
				GCC_PREFIX_HEADER = "PHMAssetsManager/PHMAssetsManager-Prefix.pch";
				HEADER_SEARCH_PATHS = "$(SRCROOT)/../../Pods/Headers/**";
				OTHER_LDFLAGS = "-ObjC";
				PRODUCT_NAME = "$(TARGET_NAME)";
				SKIP_INSTALL = YES;
			};
			name = Release;
		};
/* End XCBuildConfiguration section */

/* Begin XCConfigurationList section */
		DF4097F71D7FFA4D0026434C /* Build configuration list for PBXProject "PHMAssetsManager" */ = {
			isa = XCConfigurationList;
			buildConfigurations = (
				DF4098031D7FFA4D0026434C /* Debug */,
				DF4098041D7FFA4D0026434C /* Release */,
			);
			defaultConfigurationIsVisible = 0;
			defaultConfigurationName = Release;
		};
		DF4098051D7FFA4D0026434C /* Build configuration list for PBXNativeTarget "PHMAssetsManager" */ = {
			isa = XCConfigurationList;
			buildConfigurations = (
				DF4098061D7FFA4D0026434C /* Debug */,
				DF4098071D7FFA4D0026434C /* Release */,
			);
			defaultConfigurationIsVisible = 0;
		};
/* End XCConfigurationList section */
	};
	rootObject = DF4097F41D7FFA4D0026434C /* Project object */;
}
